// !$*UTF8*$!
{
	archiveVersion = 1;
	classes = {
	};
	objectVersion = 46;
	objects = {

/* Begin PBXBuildFile section */
		CABB3393194B59A700D9E859 /* AppDelegate.swift in Sources */ = {isa = PBXBuildFile; fileRef = CABB3392194B59A700D9E859 /* AppDelegate.swift */; };
		CABB3395194B59A700D9E859 /* Images.xcassets in Resources */ = {isa = PBXBuildFile; fileRef = CABB3394194B59A700D9E859 /* Images.xcassets */; };
		CABB33A1194B59A800D9E859 /* SwiftGistExampleTests.swift in Sources */ = {isa = PBXBuildFile; fileRef = CABB33A0194B59A800D9E859 /* SwiftGistExampleTests.swift */; };
/* End PBXBuildFile section */

/* Begin PBXContainerItemProxy section */
		CABB339B194B59A800D9E859 /* PBXContainerItemProxy */ = {
			isa = PBXContainerItemProxy;
			containerPortal = CABB3385194B59A700D9E859 /* Project object */;
			proxyType = 1;
			remoteGlobalIDString = CABB338C194B59A700D9E859;
			remoteInfo = SwiftGistExample;
		};
/* End PBXContainerItemProxy section */

/* Begin PBXFileReference section */
		CABB338D194B59A700D9E859 /* SwiftGistExample.app */ = {isa = PBXFileReference; explicitFileType = wrapper.application; includeInIndex = 0; path = SwiftGistExample.app; sourceTree = BUILT_PRODUCTS_DIR; };
		CABB3391194B59A700D9E859 /* Info.plist */ = {isa = PBXFileReference; lastKnownFileType = text.plist.xml; path = Info.plist; sourceTree = "<group>"; };
		CABB3392194B59A700D9E859 /* AppDelegate.swift */ = {isa = PBXFileReference; lastKnownFileType = sourcecode.swift; path = AppDelegate.swift; sourceTree = "<group>"; };
		CABB3394194B59A700D9E859 /* Images.xcassets */ = {isa = PBXFileReference; lastKnownFileType = folder.assetcatalog; path = Images.xcassets; sourceTree = "<group>"; };
		CABB339A194B59A800D9E859 /* SwiftGistExampleTests.xctest */ = {isa = PBXFileReference; explicitFileType = wrapper.cfbundle; includeInIndex = 0; path = SwiftGistExampleTests.xctest; sourceTree = BUILT_PRODUCTS_DIR; };
		CABB339F194B59A800D9E859 /* Info.plist */ = {isa = PBXFileReference; lastKnownFileType = text.plist.xml; path = Info.plist; sourceTree = "<group>"; };
		CABB33A0194B59A800D9E859 /* SwiftGistExampleTests.swift */ = {isa = PBXFileReference; lastKnownFileType = sourcecode.swift; path = SwiftGistExampleTests.swift; sourceTree = "<group>"; };
/* End PBXFileReference section */

/* Begin PBXFrameworksBuildPhase section */
		CABB338A194B59A700D9E859 /* Frameworks */ = {
			isa = PBXFrameworksBuildPhase;
			buildActionMask = 2147483647;
			files = (
			);
			runOnlyForDeploymentPostprocessing = 0;
		};
		CABB3397194B59A800D9E859 /* Frameworks */ = {
			isa = PBXFrameworksBuildPhase;
			buildActionMask = 2147483647;
			files = (
			);
			runOnlyForDeploymentPostprocessing = 0;
		};
/* End PBXFrameworksBuildPhase section */

/* Begin PBXGroup section */
		CABB3384194B59A700D9E859 = {
			isa = PBXGroup;
			children = (
				CABB338F194B59A700D9E859 /* SwiftGistExample */,
				CABB339D194B59A800D9E859 /* SwiftGistExampleTests */,
				CABB338E194B59A700D9E859 /* Products */,
			);
			sourceTree = "<group>";
		};
		CABB338E194B59A700D9E859 /* Products */ = {
			isa = PBXGroup;
			children = (
				CABB338D194B59A700D9E859 /* SwiftGistExample.app */,
				CABB339A194B59A800D9E859 /* SwiftGistExampleTests.xctest */,
			);
			name = Products;
			sourceTree = "<group>";
		};
		CABB338F194B59A700D9E859 /* SwiftGistExample */ = {
			isa = PBXGroup;
			children = (
				CABB3392194B59A700D9E859 /* AppDelegate.swift */,
				CABB3394194B59A700D9E859 /* Images.xcassets */,
				CABB3390194B59A700D9E859 /* Supporting Files */,
			);
			path = SwiftGistExample;
			sourceTree = "<group>";
		};
		CABB3390194B59A700D9E859 /* Supporting Files */ = {
			isa = PBXGroup;
			children = (
				CABB3391194B59A700D9E859 /* Info.plist */,
			);
			name = "Supporting Files";
			sourceTree = "<group>";
		};
		CABB339D194B59A800D9E859 /* SwiftGistExampleTests */ = {
			isa = PBXGroup;
			children = (
				CABB33A0194B59A800D9E859 /* SwiftGistExampleTests.swift */,
				CABB339E194B59A800D9E859 /* Supporting Files */,
			);
			path = SwiftGistExampleTests;
			sourceTree = "<group>";
		};
		CABB339E194B59A800D9E859 /* Supporting Files */ = {
			isa = PBXGroup;
			children = (
				CABB339F194B59A800D9E859 /* Info.plist */,
			);
			name = "Supporting Files";
			sourceTree = "<group>";
		};
/* End PBXGroup section */

/* Begin PBXNativeTarget section */
		CABB338C194B59A700D9E859 /* SwiftGistExample */ = {
			isa = PBXNativeTarget;
			buildConfigurationList = CABB33A4194B59A800D9E859 /* Build configuration list for PBXNativeTarget "SwiftGistExample" */;
			buildPhases = (
				CABB3389194B59A700D9E859 /* Sources */,
				CABB338A194B59A700D9E859 /* Frameworks */,
				CABB338B194B59A700D9E859 /* Resources */,
			);
			buildRules = (
			);
			dependencies = (
			);
			name = SwiftGistExample;
			productName = SwiftGistExample;
			productReference = CABB338D194B59A700D9E859 /* SwiftGistExample.app */;
			productType = "com.apple.product-type.application";
		};
		CABB3399194B59A800D9E859 /* SwiftGistExampleTests */ = {
			isa = PBXNativeTarget;
			buildConfigurationList = CABB33A7194B59A800D9E859 /* Build configuration list for PBXNativeTarget "SwiftGistExampleTests" */;
			buildPhases = (
				CABB3396194B59A800D9E859 /* Sources */,
				CABB3397194B59A800D9E859 /* Frameworks */,
				CABB3398194B59A800D9E859 /* Resources */,
			);
			buildRules = (
			);
			dependencies = (
				CABB339C194B59A800D9E859 /* PBXTargetDependency */,
			);
			name = SwiftGistExampleTests;
			productName = SwiftGistExampleTests;
			productReference = CABB339A194B59A800D9E859 /* SwiftGistExampleTests.xctest */;
			productType = "com.apple.product-type.bundle.unit-test";
		};
/* End PBXNativeTarget section */

/* Begin PBXProject section */
		CABB3385194B59A700D9E859 /* Project object */ = {
			isa = PBXProject;
			attributes = {
				LastUpgradeCheck = 0600;
				ORGANIZATIONNAME = 5t111111;
				TargetAttributes = {
					CABB338C194B59A700D9E859 = {
						CreatedOnToolsVersion = 6.0;
					};
					CABB3399194B59A800D9E859 = {
						CreatedOnToolsVersion = 6.0;
						TestTargetID = CABB338C194B59A700D9E859;
					};
				};
			};
			buildConfigurationList = CABB3388194B59A700D9E859 /* Build configuration list for PBXProject "SwiftGistExample" */;
			compatibilityVersion = "Xcode 3.2";
			developmentRegion = English;
			hasScannedForEncodings = 0;
			knownRegions = (
				en,
			);
			mainGroup = CABB3384194B59A700D9E859;
			productRefGroup = CABB338E194B59A700D9E859 /* Products */;
			projectDirPath = "";
			projectRoot = "";
			targets = (
				CABB338C194B59A700D9E859 /* SwiftGistExample */,
				CABB3399194B59A800D9E859 /* SwiftGistExampleTests */,
			);
		};
/* End PBXProject section */

/* Begin PBXResourcesBuildPhase section */
		CABB338B194B59A700D9E859 /* Resources */ = {
			isa = PBXResourcesBuildPhase;
			buildActionMask = 2147483647;
			files = (
				CABB3395194B59A700D9E859 /* Images.xcassets in Resources */,
			);
			runOnlyForDeploymentPostprocessing = 0;
		};
		CABB3398194B59A800D9E859 /* Resources */ = {
			isa = PBXResourcesBuildPhase;
			buildActionMask = 2147483647;
			files = (
			);
			runOnlyForDeploymentPostprocessing = 0;
		};
/* End PBXResourcesBuildPhase section */

/* Begin PBXSourcesBuildPhase section */
		CABB3389194B59A700D9E859 /* Sources */ = {
			isa = PBXSourcesBuildPhase;
			buildActionMask = 2147483647;
			files = (
				CABB3393194B59A700D9E859 /* AppDelegate.swift in Sources */,
			);
			runOnlyForDeploymentPostprocessing = 0;
		};
		CABB3396194B59A800D9E859 /* Sources */ = {
			isa = PBXSourcesBuildPhase;
			buildActionMask = 2147483647;
			files = (
				CABB33A1194B59A800D9E859 /* SwiftGistExampleTests.swift in Sources */,
			);
			runOnlyForDeploymentPostprocessing = 0;
		};
/* End PBXSourcesBuildPhase section */

/* Begin PBXTargetDependency section */
		CABB339C194B59A800D9E859 /* PBXTargetDependency */ = {
			isa = PBXTargetDependency;
			target = CABB338C194B59A700D9E859 /* SwiftGistExample */;
			targetProxy = CABB339B194B59A800D9E859 /* PBXContainerItemProxy */;
		};
/* End PBXTargetDependency section */

/* Begin XCBuildConfiguration section */
		CABB33A2194B59A800D9E859 /* Debug */ = {
			isa = XCBuildConfiguration;
			buildSettings = {
				ALWAYS_SEARCH_USER_PATHS = NO;
				CLANG_CXX_LANGUAGE_STANDARD = "gnu++0x";
				CLANG_CXX_LIBRARY = "libc++";
				CLANG_ENABLE_MODULES = YES;
				CLANG_ENABLE_OBJC_ARC = YES;
				CLANG_WARN_BOOL_CONVERSION = YES;
				CLANG_WARN_CONSTANT_CONVERSION = YES;
				CLANG_WARN_DIRECT_OBJC_ISA_USAGE = YES_ERROR;
				CLANG_WARN_EMPTY_BODY = YES;
				CLANG_WARN_ENUM_CONVERSION = YES;
				CLANG_WARN_INT_CONVERSION = YES;
				CLANG_WARN_OBJC_ROOT_CLASS = YES_ERROR;
				CLANG_WARN_UNREACHABLE_CODE = YES;
				CLANG_WARN__DUPLICATE_METHOD_MATCH = YES;
				"CODE_SIGN_IDENTITY[sdk=iphoneos*]" = "iPhone Developer";
				COPY_PHASE_STRIP = NO;
				ENABLE_STRICT_OBJC_MSGSEND = YES;
				GCC_C_LANGUAGE_STANDARD = gnu99;
				GCC_DYNAMIC_NO_PIC = NO;
				GCC_OPTIMIZATION_LEVEL = 0;
				GCC_PREPROCESSOR_DEFINITIONS = (
					"DEBUG=1",
					"$(inherited)",
				);
				GCC_SYMBOLS_PRIVATE_EXTERN = NO;
				GCC_WARN_64_TO_32_BIT_CONVERSION = YES;
				GCC_WARN_ABOUT_RETURN_TYPE = YES_ERROR;
				GCC_WARN_UNDECLARED_SELECTOR = YES;
				GCC_WARN_UNINITIALIZED_AUTOS = YES_AGGRESSIVE;
				GCC_WARN_UNUSED_FUNCTION = YES;
				GCC_WARN_UNUSED_VARIABLE = YES;
				IPHONEOS_DEPLOYMENT_TARGET = 8.0;
				METAL_ENABLE_DEBUG_INFO = YES;
				ONLY_ACTIVE_ARCH = YES;
				SDKROOT = iphoneos;
				SWIFT_OPTIMIZATION_LEVEL = "-Onone";
			};
			name = Debug;
		};
		CABB33A3194B59A800D9E859 /* Release */ = {
			isa = XCBuildConfiguration;
			buildSettings = {
				ALWAYS_SEARCH_USER_PATHS = NO;
				CLANG_CXX_LANGUAGE_STANDARD = "gnu++0x";
				CLANG_CXX_LIBRARY = "libc++";
				CLANG_ENABLE_MODULES = YES;
				CLANG_ENABLE_OBJC_ARC = YES;
				CLANG_WARN_BOOL_CONVERSION = YES;
				CLANG_WARN_CONSTANT_CONVERSION = YES;
				CLANG_WARN_DIRECT_OBJC_ISA_USAGE = YES_ERROR;
				CLANG_WARN_EMPTY_BODY = YES;
				CLANG_WARN_ENUM_CONVERSION = YES;
				CLANG_WARN_INT_CONVERSION = YES;
				CLANG_WARN_OBJC_ROOT_CLASS = YES_ERROR;
				CLANG_WARN_UNREACHABLE_CODE = YES;
				CLANG_WARN__DUPLICATE_METHOD_MATCH = YES;
				"CODE_SIGN_IDENTITY[sdk=iphoneos*]" = "iPhone Developer";
				COPY_PHASE_STRIP = YES;
				ENABLE_NS_ASSERTIONS = NO;
				ENABLE_STRICT_OBJC_MSGSEND = YES;
				GCC_C_LANGUAGE_STANDARD = gnu99;
				GCC_WARN_64_TO_32_BIT_CONVERSION = YES;
				GCC_WARN_ABOUT_RETURN_TYPE = YES_ERROR;
				GCC_WARN_UNDECLARED_SELECTOR = YES;
				GCC_WARN_UNINITIALIZED_AUTOS = YES_AGGRESSIVE;
				GCC_WARN_UNUSED_FUNCTION = YES;
				GCC_WARN_UNUSED_VARIABLE = YES;
				IPHONEOS_DEPLOYMENT_TARGET = 8.0;
				METAL_ENABLE_DEBUG_INFO = NO;
				SDKROOT = iphoneos;
				VALIDATE_PRODUCT = YES;
			};
			name = Release;
		};
		CABB33A5194B59A800D9E859 /* Debug */ = {
			isa = XCBuildConfiguration;
			buildSettings = {
				ASSETCATALOG_COMPILER_APPICON_NAME = AppIcon;
				ASSETCATALOG_COMPILER_LAUNCHIMAGE_NAME = LaunchImage;
				INFOPLIST_FILE = SwiftGistExample/Info.plist;
				LD_RUNPATH_SEARCH_PATHS = "$(inherited) @executable_path/Frameworks";
				PRODUCT_NAME = "$(TARGET_NAME)";
			};
			name = Debug;
		};
		CABB33A6194B59A800D9E859 /* Release */ = {
			isa = XCBuildConfiguration;
			buildSettings = {
				ASSETCATALOG_COMPILER_APPICON_NAME = AppIcon;
				ASSETCATALOG_COMPILER_LAUNCHIMAGE_NAME = LaunchImage;
				INFOPLIST_FILE = SwiftGistExample/Info.plist;
				LD_RUNPATH_SEARCH_PATHS = "$(inherited) @executable_path/Frameworks";
				PRODUCT_NAME = "$(TARGET_NAME)";
			};
			name = Release;
		};
		CABB33A8194B59A800D9E859 /* Debug */ = {
			isa = XCBuildConfiguration;
			buildSettings = {
				BUNDLE_LOADER = "$(BUILT_PRODUCTS_DIR)/SwiftGistExample.app/SwiftGistExample";
				FRAMEWORK_SEARCH_PATHS = (
					"$(SDKROOT)/Developer/Library/Frameworks",
					"$(inherited)",
				);
				GCC_PREPROCESSOR_DEFINITIONS = (
					"DEBUG=1",
					"$(inherited)",
				);
				INFOPLIST_FILE = SwiftGistExampleTests/Info.plist;
				LD_RUNPATH_SEARCH_PATHS = "$(inherited) @executable_path/Frameworks @loader_path/Frameworks";
				METAL_ENABLE_DEBUG_INFO = YES;
				PRODUCT_NAME = "$(TARGET_NAME)";
				TEST_HOST = "$(BUNDLE_LOADER)";
			};
			name = Debug;
		};
		CABB33A9194B59A800D9E859 /* Release */ = {
			isa = XCBuildConfiguration;
			buildSettings = {
				BUNDLE_LOADER = "$(BUILT_PRODUCTS_DIR)/SwiftGistExample.app/SwiftGistExample";
				FRAMEWORK_SEARCH_PATHS = (
					"$(SDKROOT)/Developer/Library/Frameworks",
					"$(inherited)",
				);
				INFOPLIST_FILE = SwiftGistExampleTests/Info.plist;
				LD_RUNPATH_SEARCH_PATHS = "$(inherited) @executable_path/Frameworks @loader_path/Frameworks";
				METAL_ENABLE_DEBUG_INFO = NO;
				PRODUCT_NAME = "$(TARGET_NAME)";
				TEST_HOST = "$(BUNDLE_LOADER)";
			};
			name = Release;
		};
/* End XCBuildConfiguration section */

/* Begin XCConfigurationList section */
		CABB3388194B59A700D9E859 /* Build configuration list for PBXProject "SwiftGistExample" */ = {
			isa = XCConfigurationList;
			buildConfigurations = (
				CABB33A2194B59A800D9E859 /* Debug */,
				CABB33A3194B59A800D9E859 /* Release */,
			);
			defaultConfigurationIsVisible = 0;
			defaultConfigurationName = Release;
		};
		CABB33A4194B59A800D9E859 /* Build configuration list for PBXNativeTarget "SwiftGistExample" */ = {
			isa = XCConfigurationList;
			buildConfigurations = (
				CABB33A5194B59A800D9E859 /* Debug */,
				CABB33A6194B59A800D9E859 /* Release */,
			);
			defaultConfigurationIsVisible = 0;
		};
		CABB33A7194B59A800D9E859 /* Build configuration list for PBXNativeTarget "SwiftGistExampleTests" */ = {
			isa = XCConfigurationList;
			buildConfigurations = (
				CABB33A8194B59A800D9E859 /* Debug */,
				CABB33A9194B59A800D9E859 /* Release */,
			);
			defaultConfigurationIsVisible = 0;
		};
/* End XCConfigurationList section */
	};
	rootObject = CABB3385194B59A700D9E859 /* Project object */;
}
